
Microsoft Visual Studio Solution File, Format Version 12.00
# Visual Studio Version 17
VisualStudioVersion = 17.10.35013.160
MinimumVisualStudioVersion = 10.0.40219.1
Project("{FAE04EC0-301F-11D3-BF4B-00C04F79EFBC}") = "User_Admin_Approve_Core_ADO", "User_Admin_Approve_Core_ADO.csproj", "{44CCCDE3-C7DA-4DBB-846D-A9EEB59D306E}"
EndProject
Global
	GlobalSection(SolutionConfigurationPlatforms) = preSolution
		Debug|Any CPU = Debug|Any CPU
		Release|Any CPU = Release|Any CPU
	EndGlobalSection
	GlobalSection(ProjectConfigurationPlatforms) = postSolution
		{44CCCDE3-C7DA-4DBB-846D-A9EEB59D306E}.Debug|Any CPU.ActiveCfg = Debug|Any CPU
		{44CCCDE3-C7DA-4DBB-846D-A9EEB59D306E}.Debug|Any CPU.Build.0 = Debug|Any CPU
		{44CCCDE3-C7DA-4DBB-846D-A9EEB59D306E}.Release|Any CPU.ActiveCfg = Release|Any CPU
		{44CCCDE3-C7DA-4DBB-846D-A9EEB59D306E}.Release|Any CPU.Build.0 = Release|Any CPU
	EndGlobalSection
	GlobalSection(SolutionProperties) = preSolution
		HideSolutionNode = FALSE
	EndGlobalSection
	GlobalSection(ExtensibilityGlobals) = postSolution
		SolutionGuid = {A99D0C7E-9A16-4DFE-ACED-18B2685D6772}
	EndGlobalSection
EndGlobal
